
Microsoft Visual Studio Solution File, Format Version 12.00
# Visual Studio Version 16
VisualStudioVersion = 16.0.29728.190
MinimumVisualStudioVersion = 10.0.40219.1
Project("{9A19103F-16F7-4668-BE54-9A1E7A4F7556}") = "TodoServer", "TodoServer.csproj", "{9C934FAA-6E94-447F-B80F-23F22D9946B4}"
EndProject
Project("{9A19103F-16F7-4668-BE54-9A1E7A4F7556}") = "TodoBoard.Core", "..\TodoBoard.Core\TodoBoard.Core.csproj", "{FB95A0DA-B99B-449E-8F87-732671E87760}"
EndProject
Project("{9A19103F-16F7-4668-BE54-9A1E7A4F7556}") = "TodoBoard.Db", "..\TodoBoard.Db\TodoBoard.Db.csproj", "{0DB6251E-95E3-449D-ACD6-F843146539E0}"
EndProject
Project("{9A19103F-16F7-4668-BE54-9A1E7A4F7556}") = "TodoBoard.Tests", "..\TodoBoard.Tests\TodoBoard.Tests.csproj", "{C60BC889-C374-416D-8B9A-2AB98D0943A0}"
EndProject
Global
	GlobalSection(SolutionConfigurationPlatforms) = preSolution
		Debug|Any CPU = Debug|Any CPU
		Release|Any CPU = Release|Any CPU
	EndGlobalSection
	GlobalSection(ProjectConfigurationPlatforms) = postSolution
		{9C934FAA-6E94-447F-B80F-23F22D9946B4}.Debug|Any CPU.ActiveCfg = Debug|Any CPU
		{9C934FAA-6E94-447F-B80F-23F22D9946B4}.Debug|Any CPU.Build.0 = Debug|Any CPU
		{9C934FAA-6E94-447F-B80F-23F22D9946B4}.Release|Any CPU.ActiveCfg = Release|Any CPU
		{9C934FAA-6E94-447F-B80F-23F22D9946B4}.Release|Any CPU.Build.0 = Release|Any CPU
		{FB95A0DA-B99B-449E-8F87-732671E87760}.Debug|Any CPU.ActiveCfg = Debug|Any CPU
		{FB95A0DA-B99B-449E-8F87-732671E87760}.Debug|Any CPU.Build.0 = Debug|Any CPU
		{FB95A0DA-B99B-449E-8F87-732671E87760}.Release|Any CPU.ActiveCfg = Release|Any CPU
		{FB95A0DA-B99B-449E-8F87-732671E87760}.Release|Any CPU.Build.0 = Release|Any CPU
		{0DB6251E-95E3-449D-ACD6-F843146539E0}.Debug|Any CPU.ActiveCfg = Debug|Any CPU
		{0DB6251E-95E3-449D-ACD6-F843146539E0}.Debug|Any CPU.Build.0 = Debug|Any CPU
		{0DB6251E-95E3-449D-ACD6-F843146539E0}.Release|Any CPU.ActiveCfg = Release|Any CPU
		{0DB6251E-95E3-449D-ACD6-F843146539E0}.Release|Any CPU.Build.0 = Release|Any CPU
		{C60BC889-C374-416D-8B9A-2AB98D0943A0}.Debug|Any CPU.ActiveCfg = Debug|Any CPU
		{C60BC889-C374-416D-8B9A-2AB98D0943A0}.Debug|Any CPU.Build.0 = Debug|Any CPU
		{C60BC889-C374-416D-8B9A-2AB98D0943A0}.Release|Any CPU.ActiveCfg = Release|Any CPU
		{C60BC889-C374-416D-8B9A-2AB98D0943A0}.Release|Any CPU.Build.0 = Release|Any CPU
	EndGlobalSection
	GlobalSection(SolutionProperties) = preSolution
		HideSolutionNode = FALSE
	EndGlobalSection
	GlobalSection(ExtensibilityGlobals) = postSolution
		SolutionGuid = {51B18C86-8E1A-4A4F-900C-34170E284B6F}
	EndGlobalSection
EndGlobal
